{
  "requires": true,
  "lockfileVersion": 1,
  "dependencies": {
    "@tinymce/tinymce-vue": {
      "version": "3.2.1",
      "resolved": "https://registry.npm.taobao.org/@tinymce/tinymce-vue/download/@tinymce/tinymce-vue-3.2.1.tgz",
      "integrity": "sha1-Hp94vQGOBPCe/+bnYe+RUYhBwiI="
    }
  }
}
